{
  "requires": true,
  "lockfileVersion": 1,
  "dependencies": {
    "touchsweep": {
      "version": "1.1.0",
      "resolved": "https://registry.npmjs.org/touchsweep/-/touchsweep-1.1.0.tgz",
      "integrity": "sha512-moc0WOStjc5uW2lGF4ZmSFJNfjUV+Ai8tzufjH+7bmjShAONwswyanGewudcAjLqTXSyuizh4TQhjVuIbdRw1g=="
    }
  }
}
